// !$*UTF8*$!
{
	archiveVersion = 1;
	classes = {
	};
	objectVersion = 56;
	objects = {

/* Begin PBXBuildFile section */
		70A2AB012BDA916100F2D221 /* AppDelegate.swift in Sources */ = {isa = PBXBuildFile; fileRef = 70A2AB002BDA916100F2D221 /* AppDelegate.swift */; };
		70A2AB032BDA916100F2D221 /* SceneDelegate.swift in Sources */ = {isa = PBXBuildFile; fileRef = 70A2AB022BDA916100F2D221 /* SceneDelegate.swift */; };
		70A2AB052BDA916100F2D221 /* ViewController.swift in Sources */ = {isa = PBXBuildFile; fileRef = 70A2AB042BDA916100F2D221 /* ViewController.swift */; };
		70A2AB082BDA916100F2D221 /* Base in Resources */ = {isa = PBXBuildFile; fileRef = 70A2AB072BDA916100F2D221 /* Base */; };
		70A2AB0A2BDA916300F2D221 /* Assets.xcassets in Resources */ = {isa = PBXBuildFile; fileRef = 70A2AB092BDA916300F2D221 /* Assets.xcassets */; };
		70A2AB0D2BDA916300F2D221 /* Base in Resources */ = {isa = PBXBuildFile; fileRef = 70A2AB0C2BDA916300F2D221 /* Base */; };
		70A2AB182BDA916300F2D221 /* counterTests.swift in Sources */ = {isa = PBXBuildFile; fileRef = 70A2AB172BDA916300F2D221 /* counterTests.swift */; };
		70A2AB222BDA916300F2D221 /* counterUITests.swift in Sources */ = {isa = PBXBuildFile; fileRef = 70A2AB212BDA916300F2D221 /* counterUITests.swift */; };
		70A2AB242BDA916300F2D221 /* counterUITestsLaunchTests.swift in Sources */ = {isa = PBXBuildFile; fileRef = 70A2AB232BDA916300F2D221 /* counterUITestsLaunchTests.swift */; };
		70A2AB302BDA957000F2D221 /* Main.storyboard in Resources */ = {isa = PBXBuildFile; fileRef = 70A2AB062BDA916100F2D221 /* Main.storyboard */; };
/* End PBXBuildFile section */

/* Begin PBXContainerItemProxy section */
		70A2AB142BDA916300F2D221 /* PBXContainerItemProxy */ = {
			isa = PBXContainerItemProxy;
			containerPortal = 70A2AAF52BDA916100F2D221 /* Project object */;
			proxyType = 1;
			remoteGlobalIDString = 70A2AAFC2BDA916100F2D221;
			remoteInfo = counter;
		};
		70A2AB1E2BDA916300F2D221 /* PBXContainerItemProxy */ = {
			isa = PBXContainerItemProxy;
			containerPortal = 70A2AAF52BDA916100F2D221 /* Project object */;
			proxyType = 1;
			remoteGlobalIDString = 70A2AAFC2BDA916100F2D221;
			remoteInfo = counter;
		};
/* End PBXContainerItemProxy section */

/* Begin PBXFileReference section */
		70A2AAFD2BDA916100F2D221 /* counter.app */ = {isa = PBXFileReference; explicitFileType = wrapper.application; includeInIndex = 0; path = counter.app; sourceTree = BUILT_PRODUCTS_DIR; };
		70A2AB002BDA916100F2D221 /* AppDelegate.swift */ = {isa = PBXFileReference; lastKnownFileType = sourcecode.swift; path = AppDelegate.swift; sourceTree = "<group>"; };
		70A2AB022BDA916100F2D221 /* SceneDelegate.swift */ = {isa = PBXFileReference; lastKnownFileType = sourcecode.swift; path = SceneDelegate.swift; sourceTree = "<group>"; };
		70A2AB042BDA916100F2D221 /* ViewController.swift */ = {isa = PBXFileReference; lastKnownFileType = sourcecode.swift; path = ViewController.swift; sourceTree = "<group>"; };
		70A2AB072BDA916100F2D221 /* Base */ = {isa = PBXFileReference; lastKnownFileType = file.storyboard; name = Base; path = Base.lproj/Main.storyboard; sourceTree = "<group>"; };
		70A2AB092BDA916300F2D221 /* Assets.xcassets */ = {isa = PBXFileReference; lastKnownFileType = folder.assetcatalog; path = Assets.xcassets; sourceTree = "<group>"; };
		70A2AB0C2BDA916300F2D221 /* Base */ = {isa = PBXFileReference; lastKnownFileType = file.storyboard; name = Base; path = Base.lproj/LaunchScreen.storyboard; sourceTree = "<group>"; };
		70A2AB0E2BDA916300F2D221 /* Info.plist */ = {isa = PBXFileReference; lastKnownFileType = text.plist.xml; path = Info.plist; sourceTree = "<group>"; };
		70A2AB132BDA916300F2D221 /* counterTests.xctest */ = {isa = PBXFileReference; explicitFileType = wrapper.cfbundle; includeInIndex = 0; path = counterTests.xctest; sourceTree = BUILT_PRODUCTS_DIR; };
		70A2AB172BDA916300F2D221 /* counterTests.swift */ = {isa = PBXFileReference; lastKnownFileType = sourcecode.swift; path = counterTests.swift; sourceTree = "<group>"; };
		70A2AB1D2BDA916300F2D221 /* counterUITests.xctest */ = {isa = PBXFileReference; explicitFileType = wrapper.cfbundle; includeInIndex = 0; path = counterUITests.xctest; sourceTree = BUILT_PRODUCTS_DIR; };
		70A2AB212BDA916300F2D221 /* counterUITests.swift */ = {isa = PBXFileReference; lastKnownFileType = sourcecode.swift; path = counterUITests.swift; sourceTree = "<group>"; };
		70A2AB232BDA916300F2D221 /* counterUITestsLaunchTests.swift */ = {isa = PBXFileReference; lastKnownFileType = sourcecode.swift; path = counterUITestsLaunchTests.swift; sourceTree = "<group>"; };
/* End PBXFileReference section */

/* Begin PBXFrameworksBuildPhase section */
		70A2AAFA2BDA916100F2D221 /* Frameworks */ = {
			isa = PBXFrameworksBuildPhase;
			buildActionMask = 2147483647;
			files = (
			);
			runOnlyForDeploymentPostprocessing = 0;
		};
		70A2AB102BDA916300F2D221 /* Frameworks */ = {
			isa = PBXFrameworksBuildPhase;
			buildActionMask = 2147483647;
			files = (
			);
			runOnlyForDeploymentPostprocessing = 0;
		};
		70A2AB1A2BDA916300F2D221 /* Frameworks */ = {
			isa = PBXFrameworksBuildPhase;
			buildActionMask = 2147483647;
			files = (
			);
			runOnlyForDeploymentPostprocessing = 0;
		};
/* End PBXFrameworksBuildPhase section */

/* Begin PBXGroup section */
		70A2AAF42BDA916100F2D221 = {
			isa = PBXGroup;
			children = (
				70A2AAFF2BDA916100F2D221 /* counter */,
				70A2AB162BDA916300F2D221 /* counterTests */,
				70A2AB202BDA916300F2D221 /* counterUITests */,
				70A2AAFE2BDA916100F2D221 /* Products */,
			);
			sourceTree = "<group>";
		};
		70A2AAFE2BDA916100F2D221 /* Products */ = {
			isa = PBXGroup;
			children = (
				70A2AAFD2BDA916100F2D221 /* counter.app */,
				70A2AB132BDA916300F2D221 /* counterTests.xctest */,
				70A2AB1D2BDA916300F2D221 /* counterUITests.xctest */,
			);
			name = Products;
			sourceTree = "<group>";
		};
		70A2AAFF2BDA916100F2D221 /* counter */ = {
			isa = PBXGroup;
			children = (
				70A2AB002BDA916100F2D221 /* AppDelegate.swift */,
				70A2AB022BDA916100F2D221 /* SceneDelegate.swift */,
				70A2AB042BDA916100F2D221 /* ViewController.swift */,
				70A2AB062BDA916100F2D221 /* Main.storyboard */,
				70A2AB092BDA916300F2D221 /* Assets.xcassets */,
				70A2AB0B2BDA916300F2D221 /* LaunchScreen.storyboard */,
				70A2AB0E2BDA916300F2D221 /* Info.plist */,
			);
			path = counter;
			sourceTree = "<group>";
		};
		70A2AB162BDA916300F2D221 /* counterTests */ = {
			isa = PBXGroup;
			children = (
				70A2AB172BDA916300F2D221 /* counterTests.swift */,
			);
			path = counterTests;
			sourceTree = "<group>";
		};
		70A2AB202BDA916300F2D221 /* counterUITests */ = {
			isa = PBXGroup;
			children = (
				70A2AB212BDA916300F2D221 /* counterUITests.swift */,
				70A2AB232BDA916300F2D221 /* counterUITestsLaunchTests.swift */,
			);
			path = counterUITests;
			sourceTree = "<group>";
		};
/* End PBXGroup section */

/* Begin PBXNativeTarget section */
		70A2AAFC2BDA916100F2D221 /* counter */ = {
			isa = PBXNativeTarget;
			buildConfigurationList = 70A2AB272BDA916300F2D221 /* Build configuration list for PBXNativeTarget "counter" */;
			buildPhases = (
				70A2AAF92BDA916100F2D221 /* Sources */,
				70A2AAFA2BDA916100F2D221 /* Frameworks */,
				70A2AAFB2BDA916100F2D221 /* Resources */,
			);
			buildRules = (
			);
			dependencies = (
			);
			name = counter;
			productName = counter;
			productReference = 70A2AAFD2BDA916100F2D221 /* counter.app */;
			productType = "com.apple.product-type.application";
		};
		70A2AB122BDA916300F2D221 /* counterTests */ = {
			isa = PBXNativeTarget;
			buildConfigurationList = 70A2AB2A2BDA916300F2D221 /* Build configuration list for PBXNativeTarget "counterTests" */;
			buildPhases = (
				70A2AB0F2BDA916300F2D221 /* Sources */,
				70A2AB102BDA916300F2D221 /* Frameworks */,
				70A2AB112BDA916300F2D221 /* Resources */,
			);
			buildRules = (
			);
			dependencies = (
				70A2AB152BDA916300F2D221 /* PBXTargetDependency */,
			);
			name = counterTests;
			productName = counterTests;
			productReference = 70A2AB132BDA916300F2D221 /* counterTests.xctest */;
			productType = "com.apple.product-type.bundle.unit-test";
		};
		70A2AB1C2BDA916300F2D221 /* counterUITests */ = {
			isa = PBXNativeTarget;
			buildConfigurationList = 70A2AB2D2BDA916300F2D221 /* Build configuration list for PBXNativeTarget "counterUITests" */;
			buildPhases = (
				70A2AB192BDA916300F2D221 /* Sources */,
				70A2AB1A2BDA916300F2D221 /* Frameworks */,
				70A2AB1B2BDA916300F2D221 /* Resources */,
			);
			buildRules = (
			);
			dependencies = (
				70A2AB1F2BDA916300F2D221 /* PBXTargetDependency */,
			);
			name = counterUITests;
			productName = counterUITests;
			productReference = 70A2AB1D2BDA916300F2D221 /* counterUITests.xctest */;
			productType = "com.apple.product-type.bundle.ui-testing";
		};
/* End PBXNativeTarget section */

/* Begin PBXProject section */
		70A2AAF52BDA916100F2D221 /* Project object */ = {
			isa = PBXProject;
			attributes = {
				BuildIndependentTargetsInParallel = 1;
				LastSwiftUpdateCheck = 1530;
				LastUpgradeCheck = 1530;
				TargetAttributes = {
					70A2AAFC2BDA916100F2D221 = {
						CreatedOnToolsVersion = 15.3;
					};
					70A2AB122BDA916300F2D221 = {
						CreatedOnToolsVersion = 15.3;
						TestTargetID = 70A2AAFC2BDA916100F2D221;
					};
					70A2AB1C2BDA916300F2D221 = {
						CreatedOnToolsVersion = 15.3;
						TestTargetID = 70A2AAFC2BDA916100F2D221;
					};
				};
			};
			buildConfigurationList = 70A2AAF82BDA916100F2D221 /* Build configuration list for PBXProject "counter" */;
			compatibilityVersion = "Xcode 14.0";
			developmentRegion = en;
			hasScannedForEncodings = 0;
			knownRegions = (
				en,
				Base,
			);
			mainGroup = 70A2AAF42BDA916100F2D221;
			productRefGroup = 70A2AAFE2BDA916100F2D221 /* Products */;
			projectDirPath = "";
			projectRoot = "";
			targets = (
				70A2AAFC2BDA916100F2D221 /* counter */,
				70A2AB122BDA916300F2D221 /* counterTests */,
				70A2AB1C2BDA916300F2D221 /* counterUITests */,
			);
		};
/* End PBXProject section */

/* Begin PBXResourcesBuildPhase section */
		70A2AAFB2BDA916100F2D221 /* Resources */ = {
			isa = PBXResourcesBuildPhase;
			buildActionMask = 2147483647;
			files = (
				70A2AB0A2BDA916300F2D221 /* Assets.xcassets in Resources */,
				70A2AB0D2BDA916300F2D221 /* Base in Resources */,
				70A2AB082BDA916100F2D221 /* Base in Resources */,
				70A2AB302BDA957000F2D221 /* Main.storyboard in Resources */,
			);
			runOnlyForDeploymentPostprocessing = 0;
		};
		70A2AB112BDA916300F2D221 /* Resources */ = {
			isa = PBXResourcesBuildPhase;
			buildActionMask = 2147483647;
			files = (
			);
			runOnlyForDeploymentPostprocessing = 0;
		};
		70A2AB1B2BDA916300F2D221 /* Resources */ = {
			isa = PBXResourcesBuildPhase;
			buildActionMask = 2147483647;
			files = (
			);
			runOnlyForDeploymentPostprocessing = 0;
		};
/* End PBXResourcesBuildPhase section */

/* Begin PBXSourcesBuildPhase section */
		70A2AAF92BDA916100F2D221 /* Sources */ = {
			isa = PBXSourcesBuildPhase;
			buildActionMask = 2147483647;
			files = (
				70A2AB052BDA916100F2D221 /* ViewController.swift in Sources */,
				70A2AB012BDA916100F2D221 /* AppDelegate.swift in Sources */,
				70A2AB032BDA916100F2D221 /* SceneDelegate.swift in Sources */,
			);
			runOnlyForDeploymentPostprocessing = 0;
		};
		70A2AB0F2BDA916300F2D221 /* Sources */ = {
			isa = PBXSourcesBuildPhase;
			buildActionMask = 2147483647;
			files = (
				70A2AB182BDA916300F2D221 /* counterTests.swift in Sources */,
			);
			runOnlyForDeploymentPostprocessing = 0;
		};
		70A2AB192BDA916300F2D221 /* Sources */ = {
			isa = PBXSourcesBuildPhase;
			buildActionMask = 2147483647;
			files = (
				70A2AB222BDA916300F2D221 /* counterUITests.swift in Sources */,
				70A2AB242BDA916300F2D221 /* counterUITestsLaunchTests.swift in Sources */,
			);
			runOnlyForDeploymentPostprocessing = 0;
		};
/* End PBXSourcesBuildPhase section */

/* Begin PBXTargetDependency section */
		70A2AB152BDA916300F2D221 /* PBXTargetDependency */ = {
			isa = PBXTargetDependency;
			target = 70A2AAFC2BDA916100F2D221 /* counter */;
			targetProxy = 70A2AB142BDA916300F2D221 /* PBXContainerItemProxy */;
		};
		70A2AB1F2BDA916300F2D221 /* PBXTargetDependency */ = {
			isa = PBXTargetDependency;
			target = 70A2AAFC2BDA916100F2D221 /* counter */;
			targetProxy = 70A2AB1E2BDA916300F2D221 /* PBXContainerItemProxy */;
		};
/* End PBXTargetDependency section */

/* Begin PBXVariantGroup section */
		70A2AB062BDA916100F2D221 /* Main.storyboard */ = {
			isa = PBXVariantGroup;
			children = (
				70A2AB072BDA916100F2D221 /* Base */,
			);
			name = Main.storyboard;
			sourceTree = "<group>";
		};
		70A2AB0B2BDA916300F2D221 /* LaunchScreen.storyboard */ = {
			isa = PBXVariantGroup;
			children = (
				70A2AB0C2BDA916300F2D221 /* Base */,
			);
			name = LaunchScreen.storyboard;
			sourceTree = "<group>";
		};
/* End PBXVariantGroup section */

/* Begin XCBuildConfiguration section */
		70A2AB252BDA916300F2D221 /* Debug */ = {
			isa = XCBuildConfiguration;
			buildSettings = {
				ALWAYS_SEARCH_USER_PATHS = NO;
				ASSETCATALOG_COMPILER_GENERATE_SWIFT_ASSET_SYMBOL_EXTENSIONS = YES;
				CLANG_ANALYZER_NONNULL = YES;
				CLANG_ANALYZER_NUMBER_OBJECT_CONVERSION = YES_AGGRESSIVE;
				CLANG_CXX_LANGUAGE_STANDARD = "gnu++20";
				CLANG_ENABLE_MODULES = YES;
				CLANG_ENABLE_OBJC_ARC = YES;
				CLANG_ENABLE_OBJC_WEAK = YES;
				CLANG_WARN_BLOCK_CAPTURE_AUTORELEASING = YES;
				CLANG_WARN_BOOL_CONVERSION = YES;
				CLANG_WARN_COMMA = YES;
				CLANG_WARN_CONSTANT_CONVERSION = YES;
				CLANG_WARN_DEPRECATED_OBJC_IMPLEMENTATIONS = YES;
				CLANG_WARN_DIRECT_OBJC_ISA_USAGE = YES_ERROR;
				CLANG_WARN_DOCUMENTATION_COMMENTS = YES;
				CLANG_WARN_EMPTY_BODY = YES;
				CLANG_WARN_ENUM_CONVERSION = YES;
				CLANG_WARN_INFINITE_RECURSION = YES;
				CLANG_WARN_INT_CONVERSION = YES;
				CLANG_WARN_NON_LITERAL_NULL_CONVERSION = YES;
				CLANG_WARN_OBJC_IMPLICIT_RETAIN_SELF = YES;
				CLANG_WARN_OBJC_LITERAL_CONVERSION = YES;
				CLANG_WARN_OBJC_ROOT_CLASS = YES_ERROR;
				CLANG_WARN_QUOTED_INCLUDE_IN_FRAMEWORK_HEADER = YES;
				CLANG_WARN_RANGE_LOOP_ANALYSIS = YES;
				CLANG_WARN_STRICT_PROTOTYPES = YES;
				CLANG_WARN_SUSPICIOUS_MOVE = YES;
				CLANG_WARN_UNGUARDED_AVAILABILITY = YES_AGGRESSIVE;
				CLANG_WARN_UNREACHABLE_CODE = YES;
				CLANG_WARN__DUPLICATE_METHOD_MATCH = YES;
				COPY_PHASE_STRIP = NO;
				DEBUG_INFORMATION_FORMAT = dwarf;
				ENABLE_STRICT_OBJC_MSGSEND = YES;
				ENABLE_TESTABILITY = YES;
				ENABLE_USER_SCRIPT_SANDBOXING = YES;
				GCC_C_LANGUAGE_STANDARD = gnu17;
				GCC_DYNAMIC_NO_PIC = NO;
				GCC_NO_COMMON_BLOCKS = YES;
				GCC_OPTIMIZATION_LEVEL = 0;
				GCC_PREPROCESSOR_DEFINITIONS = (
					"DEBUG=1",
					"$(inherited)",
				);
				GCC_WARN_64_TO_32_BIT_CONVERSION = YES;
				GCC_WARN_ABOUT_RETURN_TYPE = YES_ERROR;
				GCC_WARN_UNDECLARED_SELECTOR = YES;
				GCC_WARN_UNINITIALIZED_AUTOS = YES_AGGRESSIVE;
				GCC_WARN_UNUSED_FUNCTION = YES;
				GCC_WARN_UNUSED_VARIABLE = YES;
				IPHONEOS_DEPLOYMENT_TARGET = 17.4;
				LOCALIZATION_PREFERS_STRING_CATALOGS = YES;
				MTL_ENABLE_DEBUG_INFO = INCLUDE_SOURCE;
				MTL_FAST_MATH = YES;
				ONLY_ACTIVE_ARCH = YES;
				SDKROOT = iphoneos;
				SWIFT_ACTIVE_COMPILATION_CONDITIONS = "DEBUG $(inherited)";
				SWIFT_OPTIMIZATION_LEVEL = "-Onone";
			};
			name = Debug;
		};
		70A2AB262BDA916300F2D221 /* Release */ = {
			isa = XCBuildConfiguration;
			buildSettings = {
				ALWAYS_SEARCH_USER_PATHS = NO;
				ASSETCATALOG_COMPILER_GENERATE_SWIFT_ASSET_SYMBOL_EXTENSIONS = YES;
				CLANG_ANALYZER_NONNULL = YES;
				CLANG_ANALYZER_NUMBER_OBJECT_CONVERSION = YES_AGGRESSIVE;
				CLANG_CXX_LANGUAGE_STANDARD = "gnu++20";
				CLANG_ENABLE_MODULES = YES;
				CLANG_ENABLE_OBJC_ARC = YES;
				CLANG_ENABLE_OBJC_WEAK = YES;
				CLANG_WARN_BLOCK_CAPTURE_AUTORELEASING = YES;
				CLANG_WARN_BOOL_CONVERSION = YES;
				CLANG_WARN_COMMA = YES;
				CLANG_WARN_CONSTANT_CONVERSION = YES;
				CLANG_WARN_DEPRECATED_OBJC_IMPLEMENTATIONS = YES;
				CLANG_WARN_DIRECT_OBJC_ISA_USAGE = YES_ERROR;
				CLANG_WARN_DOCUMENTATION_COMMENTS = YES;
				CLANG_WARN_EMPTY_BODY = YES;
				CLANG_WARN_ENUM_CONVERSION = YES;
				CLANG_WARN_INFINITE_RECURSION = YES;
				CLANG_WARN_INT_CONVERSION = YES;
				CLANG_WARN_NON_LITERAL_NULL_CONVERSION = YES;
				CLANG_WARN_OBJC_IMPLICIT_RETAIN_SELF = YES;
				CLANG_WARN_OBJC_LITERAL_CONVERSION = YES;
				CLANG_WARN_OBJC_ROOT_CLASS = YES_ERROR;
				CLANG_WARN_QUOTED_INCLUDE_IN_FRAMEWORK_HEADER = YES;
				CLANG_WARN_RANGE_LOOP_ANALYSIS = YES;
				CLANG_WARN_STRICT_PROTOTYPES = YES;
				CLANG_WARN_SUSPICIOUS_MOVE = YES;
				CLANG_WARN_UNGUARDED_AVAILABILITY = YES_AGGRESSIVE;
				CLANG_WARN_UNREACHABLE_CODE = YES;
				CLANG_WARN__DUPLICATE_METHOD_MATCH = YES;
				COPY_PHASE_STRIP = NO;
				DEBUG_INFORMATION_FORMAT = "dwarf-with-dsym";
				ENABLE_NS_ASSERTIONS = NO;
				ENABLE_STRICT_OBJC_MSGSEND = YES;
				ENABLE_USER_SCRIPT_SANDBOXING = YES;
				GCC_C_LANGUAGE_STANDARD = gnu17;
				GCC_NO_COMMON_BLOCKS = YES;
				GCC_WARN_64_TO_32_BIT_CONVERSION = YES;
				GCC_WARN_ABOUT_RETURN_TYPE = YES_ERROR;
				GCC_WARN_UNDECLARED_SELECTOR = YES;
				GCC_WARN_UNINITIALIZED_AUTOS = YES_AGGRESSIVE;
				GCC_WARN_UNUSED_FUNCTION = YES;
				GCC_WARN_UNUSED_VARIABLE = YES;
				IPHONEOS_DEPLOYMENT_TARGET = 17.4;
				LOCALIZATION_PREFERS_STRING_CATALOGS = YES;
				MTL_ENABLE_DEBUG_INFO = NO;
				MTL_FAST_MATH = YES;
				SDKROOT = iphoneos;
				SWIFT_COMPILATION_MODE = wholemodule;
				VALIDATE_PRODUCT = YES;
			};
			name = Release;
		};
		70A2AB282BDA916300F2D221 /* Debug */ = {
			isa = XCBuildConfiguration;
			buildSettings = {
				ASSETCATALOG_COMPILER_APPICON_NAME = AppIcon;
				ASSETCATALOG_COMPILER_GLOBAL_ACCENT_COLOR_NAME = AccentColor;
				CODE_SIGN_STYLE = Automatic;
				CURRENT_PROJECT_VERSION = 1;
				DEVELOPMENT_TEAM = PKRVKBWDLJ;
				GENERATE_INFOPLIST_FILE = YES;
				INFOPLIST_FILE = counter/Info.plist;
				INFOPLIST_KEY_UIApplicationSupportsIndirectInputEvents = YES;
				INFOPLIST_KEY_UILaunchStoryboardName = LaunchScreen;
				INFOPLIST_KEY_UIMainStoryboardFile = Main;
				INFOPLIST_KEY_UISupportedInterfaceOrientations_iPad = "UIInterfaceOrientationPortrait UIInterfaceOrientationPortraitUpsideDown UIInterfaceOrientationLandscapeLeft UIInterfaceOrientationLandscapeRight";
				INFOPLIST_KEY_UISupportedInterfaceOrientations_iPhone = "UIInterfaceOrientationPortrait UIInterfaceOrientationLandscapeLeft UIInterfaceOrientationLandscapeRight";
				LD_RUNPATH_SEARCH_PATHS = (
					"$(inherited)",
					"@executable_path/Frameworks",
				);
				MARKETING_VERSION = 1.0;
				PRODUCT_BUNDLE_IDENTIFIER = j.counter;
				PRODUCT_NAME = "$(TARGET_NAME)";
				SWIFT_EMIT_LOC_STRINGS = YES;
				SWIFT_VERSION = 5.0;
				TARGETED_DEVICE_FAMILY = "1,2";
			};
			name = Debug;
		};
		70A2AB292BDA916300F2D221 /* Release */ = {
			isa = XCBuildConfiguration;
			buildSettings = {
				ASSETCATALOG_COMPILER_APPICON_NAME = AppIcon;
				ASSETCATALOG_COMPILER_GLOBAL_ACCENT_COLOR_NAME = AccentColor;
				CODE_SIGN_STYLE = Automatic;
				CURRENT_PROJECT_VERSION = 1;
				DEVELOPMENT_TEAM = PKRVKBWDLJ;
				GENERATE_INFOPLIST_FILE = YES;
				INFOPLIST_FILE = counter/Info.plist;
				INFOPLIST_KEY_UIApplicationSupportsIndirectInputEvents = YES;
				INFOPLIST_KEY_UILaunchStoryboardName = LaunchScreen;
				INFOPLIST_KEY_UIMainStoryboardFile = Main;
				INFOPLIST_KEY_UISupportedInterfaceOrientations_iPad = "UIInterfaceOrientationPortrait UIInterfaceOrientationPortraitUpsideDown UIInterfaceOrientationLandscapeLeft UIInterfaceOrientationLandscapeRight";
				INFOPLIST_KEY_UISupportedInterfaceOrientations_iPhone = "UIInterfaceOrientationPortrait UIInterfaceOrientationLandscapeLeft UIInterfaceOrientationLandscapeRight";
				LD_RUNPATH_SEARCH_PATHS = (
					"$(inherited)",
					"@executable_path/Frameworks",
				);
				MARKETING_VERSION = 1.0;
				PRODUCT_BUNDLE_IDENTIFIER = j.counter;
				PRODUCT_NAME = "$(TARGET_NAME)";
				SWIFT_EMIT_LOC_STRINGS = YES;
				SWIFT_VERSION = 5.0;
				TARGETED_DEVICE_FAMILY = "1,2";
			};
			name = Release;
		};
		70A2AB2B2BDA916300F2D221 /* Debug */ = {
			isa = XCBuildConfiguration;
			buildSettings = {
				ALWAYS_EMBED_SWIFT_STANDARD_LIBRARIES = YES;
				BUNDLE_LOADER = "$(TEST_HOST)";
				CODE_SIGN_STYLE = Automatic;
				CURRENT_PROJECT_VERSION = 1;
				DEVELOPMENT_TEAM = PKRVKBWDLJ;
				GENERATE_INFOPLIST_FILE = YES;
				IPHONEOS_DEPLOYMENT_TARGET = 17.4;
				MARKETING_VERSION = 1.0;
				PRODUCT_BUNDLE_IDENTIFIER = j.counterTests;
				PRODUCT_NAME = "$(TARGET_NAME)";
				SWIFT_EMIT_LOC_STRINGS = NO;
				SWIFT_VERSION = 5.0;
				TARGETED_DEVICE_FAMILY = "1,2";
				TEST_HOST = "$(BUILT_PRODUCTS_DIR)/counter.app/$(BUNDLE_EXECUTABLE_FOLDER_PATH)/counter";
			};
			name = Debug;
		};
		70A2AB2C2BDA916300F2D221 /* Release */ = {
			isa = XCBuildConfiguration;
			buildSettings = {
				ALWAYS_EMBED_SWIFT_STANDARD_LIBRARIES = YES;
				BUNDLE_LOADER = "$(TEST_HOST)";
				CODE_SIGN_STYLE = Automatic;
				CURRENT_PROJECT_VERSION = 1;
				DEVELOPMENT_TEAM = PKRVKBWDLJ;
				GENERATE_INFOPLIST_FILE = YES;
				IPHONEOS_DEPLOYMENT_TARGET = 17.4;
				MARKETING_VERSION = 1.0;
				PRODUCT_BUNDLE_IDENTIFIER = j.counterTests;
				PRODUCT_NAME = "$(TARGET_NAME)";
				SWIFT_EMIT_LOC_STRINGS = NO;
				SWIFT_VERSION = 5.0;
				TARGETED_DEVICE_FAMILY = "1,2";
				TEST_HOST = "$(BUILT_PRODUCTS_DIR)/counter.app/$(BUNDLE_EXECUTABLE_FOLDER_PATH)/counter";
			};
			name = Release;
		};
		70A2AB2E2BDA916300F2D221 /* Debug */ = {
			isa = XCBuildConfiguration;
			buildSettings = {
				ALWAYS_EMBED_SWIFT_STANDARD_LIBRARIES = YES;
				CODE_SIGN_STYLE = Automatic;
				CURRENT_PROJECT_VERSION = 1;
				DEVELOPMENT_TEAM = PKRVKBWDLJ;
				GENERATE_INFOPLIST_FILE = YES;
				MARKETING_VERSION = 1.0;
				PRODUCT_BUNDLE_IDENTIFIER = j.counterUITests;
				PRODUCT_NAME = "$(TARGET_NAME)";
				SWIFT_EMIT_LOC_STRINGS = NO;
				SWIFT_VERSION = 5.0;
				TARGETED_DEVICE_FAMILY = "1,2";
				TEST_TARGET_NAME = counter;
			};
			name = Debug;
		};
		70A2AB2F2BDA916300F2D221 /* Release */ = {
			isa = XCBuildConfiguration;
			buildSettings = {
				ALWAYS_EMBED_SWIFT_STANDARD_LIBRARIES = YES;
				CODE_SIGN_STYLE = Automatic;
				CURRENT_PROJECT_VERSION = 1;
				DEVELOPMENT_TEAM = PKRVKBWDLJ;
				GENERATE_INFOPLIST_FILE = YES;
				MARKETING_VERSION = 1.0;
				PRODUCT_BUNDLE_IDENTIFIER = j.counterUITests;
				PRODUCT_NAME = "$(TARGET_NAME)";
				SWIFT_EMIT_LOC_STRINGS = NO;
				SWIFT_VERSION = 5.0;
				TARGETED_DEVICE_FAMILY = "1,2";
				TEST_TARGET_NAME = counter;
			};
			name = Release;
		};
/* End XCBuildConfiguration section */

/* Begin XCConfigurationList section */
		70A2AAF82BDA916100F2D221 /* Build configuration list for PBXProject "counter" */ = {
			isa = XCConfigurationList;
			buildConfigurations = (
				70A2AB252BDA916300F2D221 /* Debug */,
				70A2AB262BDA916300F2D221 /* Release */,
			);
			defaultConfigurationIsVisible = 0;
			defaultConfigurationName = Release;
		};
		70A2AB272BDA916300F2D221 /* Build configuration list for PBXNativeTarget "counter" */ = {
			isa = XCConfigurationList;
			buildConfigurations = (
				70A2AB282BDA916300F2D221 /* Debug */,
				70A2AB292BDA916300F2D221 /* Release */,
			);
			defaultConfigurationIsVisible = 0;
			defaultConfigurationName = Release;
		};
		70A2AB2A2BDA916300F2D221 /* Build configuration list for PBXNativeTarget "counterTests" */ = {
			isa = XCConfigurationList;
			buildConfigurations = (
				70A2AB2B2BDA916300F2D221 /* Debug */,
				70A2AB2C2BDA916300F2D221 /* Release */,
			);
			defaultConfigurationIsVisible = 0;
			defaultConfigurationName = Release;
		};
		70A2AB2D2BDA916300F2D221 /* Build configuration list for PBXNativeTarget "counterUITests" */ = {
			isa = XCConfigurationList;
			buildConfigurations = (
				70A2AB2E2BDA916300F2D221 /* Debug */,
				70A2AB2F2BDA916300F2D221 /* Release */,
			);
			defaultConfigurationIsVisible = 0;
			defaultConfigurationName = Release;
		};
/* End XCConfigurationList section */
	};
	rootObject = 70A2AAF52BDA916100F2D221 /* Project object */;
}
